<?xml version="1.0" encoding="utf-8"?>
<Project ToolsVersion="4.0" xmlns="http://schemas.microsoft.com/developer/msbuild/2003">
  <ItemGroup>
    <Filter Include="Source Files">
      <UniqueIdentifier>{67bebf86-9539-4f7f-b9e9-a376519ec1f1}</UniqueIdentifier>
    </Filter>
    <Filter Include="Header Files">
      <UniqueIdentifier>{954a8f61-1c3e-419b-baca-c5e2b83c689a}</UniqueIdentifier>
    </Filter>
    <Filter Include="Assets">
      <UniqueIdentifier>{09095d68-bcd7-45c4-b007-5c8ddb5d60a4}</UniqueIdentifier>
    </Filter>
    <Filter Include="Assets\Shaders">
      <UniqueIdentifier>{8b0cb0c9-e0d8-4107-91c8-11654fac88e7}</UniqueIdentifier>
    </Filter>
  </ItemGroup>
  <ItemGroup>
    <ClInclude Include="d3dx12.h">
      <Filter>Header Files</Filter>
    </ClInclude>
    <ClInclude Include="DXSampleHelper.h">
      <Filter>Header Files</Filter>
    </ClInclude>
    <ClInclude Include="Win32Application.h">
      <Filter>Header Files</Filter>
    </ClInclude>
    <ClInclude Include="DXRHelper.h" />
    <ClInclude Include="Misc\RevTypes.h" />
    <ClInclude Include="Core\RevCoreDefines.h" />
    <ClInclude Include="Core\RevEngineManager.h" />
    <ClInclude Include="Core\RevEngineRetrievalFunctions.h" />
    <ClInclude Include="Core\RevModelConstructionFunctions.h" />
    <ClInclude Include="Core\RevModelTypes.h" />
    <ClInclude Include="Core\RevScene.h" />
    <ClInclude Include="Core\RevShaderManager.h" />
    <ClInclude Include="Core\RevShaderTypes.h" />
    <ClInclude Include="Core\RevUtils.h" />
    <ClInclude Include="D3D\RevD3DTypes.h" />
    <ClInclude Include="Microsoft\RevDDSTextureLoader.h" />
    <ClInclude Include="RevEngineMain.h" />
    <ClInclude Include="stdafx.h" />
    <ClInclude Include="BottomLevelASGenerator.h" />
    <ClInclude Include="RevModelLoader.h" />
    <ClInclude Include="Core\RevEngineExecutionFunctions.h" />
    <ClInclude Include="Core\RevCamera.h" />
    <ClInclude Include="Core\RevInstance.h" />
    <ClInclude Include="Core\RevInstanceManager.h" />
    <ClInclude Include="Core\RevModel.h" />
    <ClInclude Include="Core\RevModelManager.h" />
    <ClInclude Include="RaytracingPipelineGenerator.h" />
    <ClInclude Include="RootSignatureGenerator.h" />
    <ClInclude Include="ShaderBindingTableGenerator.h" />
    <ClInclude Include="TopLevelASGenerator.h" />
  </ItemGroup>
  <ItemGroup>
    <ClCompile Include="Main.cpp">
      <Filter>Source Files</Filter>
    </ClCompile>
    <ClCompile Include="Win32Application.cpp">
      <Filter>Source Files</Filter>
    </ClCompile>
    <ClCompile Include="Core\RevEngineManager.cpp" />
    <ClCompile Include="Core\RevEngineRetrievalFunctions.cpp" />
    <ClCompile Include="Core\RevModelConstructionFunctions.cpp" />
    <ClCompile Include="Core\RevScene.cpp" />
    <ClCompile Include="Core\RevShaderManager.cpp" />
    <ClCompile Include="Core\RevUtils.cpp" />
    <ClCompile Include="D3D\RevD3DTypes.cpp" />
    <ClCompile Include="Microsoft\RevDDSTextureLoader.cpp" />
    <ClCompile Include="RevEngineMain.cpp" />
    <ClCompile Include="stdafx.cpp" />
    <ClCompile Include="BottomLevelASGenerator.cpp" />
    <ClCompile Include="RevModelLoader.cpp" />
    <ClCompile Include="Core\RevEngineExecutionFunctions.cpp" />
    <ClCompile Include="Core\RevCamera.cpp" />
    <ClCompile Include="Core\RevInstance.cpp" />
    <ClCompile Include="Core\RevInstanceManager.cpp" />
    <ClCompile Include="Core\RevModel.cpp" />
    <ClCompile Include="Core\RevModelManager.cpp" />
    <ClCompile Include="RaytracingPipelineGenerator.cpp" />
    <ClCompile Include="RootSignatureGenerator.cpp" />
    <ClCompile Include="ShaderBindingTableGenerator.cpp" />
    <ClCompile Include="TopLevelASGenerator.cpp" />
  </ItemGroup>
  <ItemGroup>
    <None Include="..\Bin\Data\Shaders\Shaders\Common.hlsl" />
    <None Include="..\Bin\Data\Shaders\Shaders\Hit.hlsl" />
    <None Include="..\Bin\Data\Shaders\Shaders\Miss.hlsl" />
    <None Include="..\Bin\Data\Shaders\Shaders\RayGen.hlsl" />
    <None Include="..\Bin\Data\Shaders\Shaders\Shaders.hlsl" />
    <None Include="..\Bin\Data\Shaders\Common.hlsl" />
    <None Include="..\Bin\Data\Shaders\Hit.hlsl" />
    <None Include="..\Bin\Data\Shaders\Miss.hlsl" />
    <None Include="..\Bin\Data\Shaders\RayGen.hlsl" />
    <None Include="..\Bin\Data\Shaders\Shaders.hlsl" />
    <None Include="..\Bin\Data\Shaders\StaticModel.hlsl" />
  </ItemGroup>
</Project>